
Microsoft Visual Studio Solution File, Format Version 12.00
# Visual Studio Version 17
VisualStudioVersion = 17.0.31903.59
MinimumVisualStudioVersion = 10.0.40219.1
Project("{FAE04EC0-301F-11D3-BF4B-00C04F79EFBC}") = "Mservices.Gateway", "Mservices.Gateway\Mservices.Gateway.csproj", "{14E3783B-E3BE-4738-8606-E09C3ADDA82E}"
EndProject
Project("{FAE04EC0-301F-11D3-BF4B-00C04F79EFBC}") = "Mservices.GraphDbService", "Mservices.GraphDbService\Mservices.GraphDbService.csproj", "{E2C1625E-704A-4D85-80E5-6E2C7B4BCBDB}"
EndProject
Project("{FAE04EC0-301F-11D3-BF4B-00C04F79EFBC}") = "ConsoleApp1", "ConsoleApp1\ConsoleApp1.csproj", "{D93F40C2-9539-4538-91CE-A80316F22C31}"
EndProject
Project("{FAE04EC0-301F-11D3-BF4B-00C04F79EFBC}") = "Mservices.Identity", "Mservices.Identity\Mservices.Identity.csproj", "{E696EF0A-2062-4D58-8DC7-875BF3F6CBD1}"
EndProject
Global
	GlobalSection(SolutionConfigurationPlatforms) = preSolution
		Debug|Any CPU = Debug|Any CPU
		Release|Any CPU = Release|Any CPU
	EndGlobalSection
	GlobalSection(SolutionProperties) = preSolution
		HideSolutionNode = FALSE
	EndGlobalSection
	GlobalSection(ProjectConfigurationPlatforms) = postSolution
		{14E3783B-E3BE-4738-8606-E09C3ADDA82E}.Debug|Any CPU.ActiveCfg = Debug|Any CPU
		{14E3783B-E3BE-4738-8606-E09C3ADDA82E}.Debug|Any CPU.Build.0 = Debug|Any CPU
		{14E3783B-E3BE-4738-8606-E09C3ADDA82E}.Release|Any CPU.ActiveCfg = Release|Any CPU
		{14E3783B-E3BE-4738-8606-E09C3ADDA82E}.Release|Any CPU.Build.0 = Release|Any CPU
		{E2C1625E-704A-4D85-80E5-6E2C7B4BCBDB}.Debug|Any CPU.ActiveCfg = Debug|Any CPU
		{E2C1625E-704A-4D85-80E5-6E2C7B4BCBDB}.Debug|Any CPU.Build.0 = Debug|Any CPU
		{E2C1625E-704A-4D85-80E5-6E2C7B4BCBDB}.Release|Any CPU.ActiveCfg = Release|Any CPU
		{E2C1625E-704A-4D85-80E5-6E2C7B4BCBDB}.Release|Any CPU.Build.0 = Release|Any CPU
		{D93F40C2-9539-4538-91CE-A80316F22C31}.Debug|Any CPU.ActiveCfg = Debug|Any CPU
		{D93F40C2-9539-4538-91CE-A80316F22C31}.Debug|Any CPU.Build.0 = Debug|Any CPU
		{D93F40C2-9539-4538-91CE-A80316F22C31}.Release|Any CPU.ActiveCfg = Release|Any CPU
		{D93F40C2-9539-4538-91CE-A80316F22C31}.Release|Any CPU.Build.0 = Release|Any CPU
		{E696EF0A-2062-4D58-8DC7-875BF3F6CBD1}.Debug|Any CPU.ActiveCfg = Debug|Any CPU
		{E696EF0A-2062-4D58-8DC7-875BF3F6CBD1}.Debug|Any CPU.Build.0 = Debug|Any CPU
		{E696EF0A-2062-4D58-8DC7-875BF3F6CBD1}.Release|Any CPU.ActiveCfg = Release|Any CPU
		{E696EF0A-2062-4D58-8DC7-875BF3F6CBD1}.Release|Any CPU.Build.0 = Release|Any CPU
	EndGlobalSection
EndGlobal
